
Microsoft Visual Studio Solution File, Format Version 12.00
# Visual Studio Version 17
VisualStudioVersion = 17.11.35327.3
MinimumVisualStudioVersion = 10.0.40219.1
Project("{FAE04EC0-301F-11D3-BF4B-00C04F79EFBC}") = "SINTIA DWI ARGANI", "SINTIA DWI ARGANI.csproj", "{166D7D21-9745-4744-AC29-9017E9100926}"
EndProject
Global
	GlobalSection(SolutionConfigurationPlatforms) = preSolution
		Debug|Any CPU = Debug|Any CPU
		Release|Any CPU = Release|Any CPU
	EndGlobalSection
	GlobalSection(ProjectConfigurationPlatforms) = postSolution
		{166D7D21-9745-4744-AC29-9017E9100926}.Debug|Any CPU.ActiveCfg = Debug|Any CPU
		{166D7D21-9745-4744-AC29-9017E9100926}.Debug|Any CPU.Build.0 = Debug|Any CPU
		{166D7D21-9745-4744-AC29-9017E9100926}.Release|Any CPU.ActiveCfg = Release|Any CPU
		{166D7D21-9745-4744-AC29-9017E9100926}.Release|Any CPU.Build.0 = Release|Any CPU
	EndGlobalSection
	GlobalSection(SolutionProperties) = preSolution
		HideSolutionNode = FALSE
	EndGlobalSection
	GlobalSection(ExtensibilityGlobals) = postSolution
		SolutionGuid = {D44A5950-8EA8-482F-B0A5-39E088925B64}
	EndGlobalSection
EndGlobal
